
Microsoft Visual Studio Solution File, Format Version 12.00
# Visual Studio Version 17
VisualStudioVersion = 17.2.32630.192
MinimumVisualStudioVersion = 10.0.40219.1
Project("{FAE04EC0-301F-11D3-BF4B-00C04F79EFBC}") = "BelovedCustomers", "BelovedCustomers\BelovedCustomers.csproj", "{01311F51-D2C1-4DB7-B376-3744C00C6ADF}"
EndProject
Global
	GlobalSection(SolutionConfigurationPlatforms) = preSolution
		Debug|Any CPU = Debug|Any CPU
		Release|Any CPU = Release|Any CPU
	EndGlobalSection
	GlobalSection(ProjectConfigurationPlatforms) = postSolution
		{01311F51-D2C1-4DB7-B376-3744C00C6ADF}.Debug|Any CPU.ActiveCfg = Debug|Any CPU
		{01311F51-D2C1-4DB7-B376-3744C00C6ADF}.Debug|Any CPU.Build.0 = Debug|Any CPU
		{01311F51-D2C1-4DB7-B376-3744C00C6ADF}.Release|Any CPU.ActiveCfg = Release|Any CPU
		{01311F51-D2C1-4DB7-B376-3744C00C6ADF}.Release|Any CPU.Build.0 = Release|Any CPU
	EndGlobalSection
	GlobalSection(SolutionProperties) = preSolution
		HideSolutionNode = FALSE
	EndGlobalSection
	GlobalSection(ExtensibilityGlobals) = postSolution
		SolutionGuid = {FC734052-314E-45F7-8B35-E2537D3406FD}
	EndGlobalSection
EndGlobal
